// !$*UTF8*$!
{
	archiveVersion = 1;
	classes = {
	};
	objectVersion = 55;
	objects = {

/* Begin PBXBuildFile section */
		309609E7288A76C50013D140 /* AppDelegate.swift in Sources */ = {isa = PBXBuildFile; fileRef = 309609E6288A76C50013D140 /* AppDelegate.swift */; };
		309609E9288A76C50013D140 /* SceneDelegate.swift in Sources */ = {isa = PBXBuildFile; fileRef = 309609E8288A76C50013D140 /* SceneDelegate.swift */; };
		309609EE288A76C50013D140 /* Main.storyboard in Resources */ = {isa = PBXBuildFile; fileRef = 309609EC288A76C50013D140 /* Main.storyboard */; };
		309609F0288A76C70013D140 /* Assets.xcassets in Resources */ = {isa = PBXBuildFile; fileRef = 309609EF288A76C70013D140 /* Assets.xcassets */; };
		309609F3288A76C70013D140 /* LaunchScreen.storyboard in Resources */ = {isa = PBXBuildFile; fileRef = 309609F1288A76C70013D140 /* LaunchScreen.storyboard */; };
		309609FB288A94140013D140 /* PubkeyViewController.swift in Sources */ = {isa = PBXBuildFile; fileRef = 309609FA288A94140013D140 /* PubkeyViewController.swift */; };
		309609FD288A9D520013D140 /* SettingViewController.swift in Sources */ = {isa = PBXBuildFile; fileRef = 309609FC288A9D520013D140 /* SettingViewController.swift */; };
		30960A08288E15060013D140 /* ViewTypeViewController.swift in Sources */ = {isa = PBXBuildFile; fileRef = 30960A07288E15060013D140 /* ViewTypeViewController.swift */; };
		631E404D2947018100BCC696 /* AdSupport.framework in Frameworks */ = {isa = PBXBuildFile; fileRef = 631E404C2947018000BCC696 /* AdSupport.framework */; };
		631E404F2947018600BCC696 /* AppTrackingTransparency.framework in Frameworks */ = {isa = PBXBuildFile; fileRef = 631E404E2947018600BCC696 /* AppTrackingTransparency.framework */; settings = {ATTRIBUTES = (Weak, ); }; };
		A789ADAE2C086FDB00CAC6EB /* PincruxOfferwall.xcframework in Frameworks */ = {isa = PBXBuildFile; fileRef = A789ADAD2C086FDB00CAC6EB /* PincruxOfferwall.xcframework */; };
		A789ADAF2C086FDB00CAC6EB /* PincruxOfferwall.xcframework in Embed Frameworks */ = {isa = PBXBuildFile; fileRef = A789ADAD2C086FDB00CAC6EB /* PincruxOfferwall.xcframework */; settings = {ATTRIBUTES = (CodeSignOnCopy, RemoveHeadersOnCopy, ); }; };
/* End PBXBuildFile section */

/* Begin PBXCopyFilesBuildPhase section */
		6371D24C29ED22E4000184AD /* Embed Frameworks */ = {
			isa = PBXCopyFilesBuildPhase;
			buildActionMask = 2147483647;
			dstPath = "";
			dstSubfolderSpec = 10;
			files = (
				A789ADAF2C086FDB00CAC6EB /* PincruxOfferwall.xcframework in Embed Frameworks */,
			);
			name = "Embed Frameworks";
			runOnlyForDeploymentPostprocessing = 0;
		};
/* End PBXCopyFilesBuildPhase section */

/* Begin PBXFileReference section */
		309609E3288A76C50013D140 /* PincruxSwiftSample.app */ = {isa = PBXFileReference; explicitFileType = wrapper.application; includeInIndex = 0; path = PincruxSwiftSample.app; sourceTree = BUILT_PRODUCTS_DIR; };
		309609E6288A76C50013D140 /* AppDelegate.swift */ = {isa = PBXFileReference; lastKnownFileType = sourcecode.swift; path = AppDelegate.swift; sourceTree = "<group>"; };
		309609E8288A76C50013D140 /* SceneDelegate.swift */ = {isa = PBXFileReference; lastKnownFileType = sourcecode.swift; path = SceneDelegate.swift; sourceTree = "<group>"; };
		309609ED288A76C50013D140 /* Base */ = {isa = PBXFileReference; lastKnownFileType = file.storyboard; name = Base; path = Base.lproj/Main.storyboard; sourceTree = "<group>"; };
		309609EF288A76C70013D140 /* Assets.xcassets */ = {isa = PBXFileReference; lastKnownFileType = folder.assetcatalog; path = Assets.xcassets; sourceTree = "<group>"; };
		309609F2288A76C70013D140 /* Base */ = {isa = PBXFileReference; lastKnownFileType = file.storyboard; name = Base; path = Base.lproj/LaunchScreen.storyboard; sourceTree = "<group>"; };
		309609F4288A76C70013D140 /* Info.plist */ = {isa = PBXFileReference; lastKnownFileType = text.plist.xml; path = Info.plist; sourceTree = "<group>"; };
		309609FA288A94140013D140 /* PubkeyViewController.swift */ = {isa = PBXFileReference; lastKnownFileType = sourcecode.swift; path = PubkeyViewController.swift; sourceTree = "<group>"; };
		309609FC288A9D520013D140 /* SettingViewController.swift */ = {isa = PBXFileReference; lastKnownFileType = sourcecode.swift; path = SettingViewController.swift; sourceTree = "<group>"; };
		30960A07288E15060013D140 /* ViewTypeViewController.swift */ = {isa = PBXFileReference; fileEncoding = 4; lastKnownFileType = sourcecode.swift; path = ViewTypeViewController.swift; sourceTree = "<group>"; };
		631E404C2947018000BCC696 /* AdSupport.framework */ = {isa = PBXFileReference; lastKnownFileType = wrapper.framework; name = AdSupport.framework; path = System/Library/Frameworks/AdSupport.framework; sourceTree = SDKROOT; };
		631E404E2947018600BCC696 /* AppTrackingTransparency.framework */ = {isa = PBXFileReference; lastKnownFileType = wrapper.framework; name = AppTrackingTransparency.framework; path = System/Library/Frameworks/AppTrackingTransparency.framework; sourceTree = SDKROOT; };
		A789ADAD2C086FDB00CAC6EB /* PincruxOfferwall.xcframework */ = {isa = PBXFileReference; lastKnownFileType = wrapper.xcframework; name = PincruxOfferwall.xcframework; path = PincruxSwiftSample/Frameworks/PincruxOfferwall.xcframework; sourceTree = "<group>"; };
/* End PBXFileReference section */

/* Begin PBXFrameworksBuildPhase section */
		309609E0288A76C50013D140 /* Frameworks */ = {
			isa = PBXFrameworksBuildPhase;
			buildActionMask = 2147483647;
			files = (
				631E404F2947018600BCC696 /* AppTrackingTransparency.framework in Frameworks */,
				631E404D2947018100BCC696 /* AdSupport.framework in Frameworks */,
				A789ADAE2C086FDB00CAC6EB /* PincruxOfferwall.xcframework in Frameworks */,
			);
			runOnlyForDeploymentPostprocessing = 0;
		};
/* End PBXFrameworksBuildPhase section */

/* Begin PBXGroup section */
		309609DA288A76C50013D140 = {
			isa = PBXGroup;
			children = (
				309609E5288A76C50013D140 /* PincruxSwiftSample */,
				309609E4288A76C50013D140 /* Products */,
				30960A02288AA27D0013D140 /* Frameworks */,
			);
			sourceTree = "<group>";
		};
		309609E4288A76C50013D140 /* Products */ = {
			isa = PBXGroup;
			children = (
				309609E3288A76C50013D140 /* PincruxSwiftSample.app */,
			);
			name = Products;
			sourceTree = "<group>";
		};
		309609E5288A76C50013D140 /* PincruxSwiftSample */ = {
			isa = PBXGroup;
			children = (
				309609E6288A76C50013D140 /* AppDelegate.swift */,
				309609E8288A76C50013D140 /* SceneDelegate.swift */,
				309609EC288A76C50013D140 /* Main.storyboard */,
				309609EF288A76C70013D140 /* Assets.xcassets */,
				309609F1288A76C70013D140 /* LaunchScreen.storyboard */,
				309609F4288A76C70013D140 /* Info.plist */,
				309609FA288A94140013D140 /* PubkeyViewController.swift */,
				309609FC288A9D520013D140 /* SettingViewController.swift */,
				30960A07288E15060013D140 /* ViewTypeViewController.swift */,
			);
			path = PincruxSwiftSample;
			sourceTree = "<group>";
		};
		30960A02288AA27D0013D140 /* Frameworks */ = {
			isa = PBXGroup;
			children = (
				A789ADAD2C086FDB00CAC6EB /* PincruxOfferwall.xcframework */,
				631E404E2947018600BCC696 /* AppTrackingTransparency.framework */,
				631E404C2947018000BCC696 /* AdSupport.framework */,
			);
			name = Frameworks;
			sourceTree = "<group>";
		};
/* End PBXGroup section */

/* Begin PBXNativeTarget section */
		309609E2288A76C50013D140 /* PincruxSwiftSample */ = {
			isa = PBXNativeTarget;
			buildConfigurationList = 309609F7288A76C70013D140 /* Build configuration list for PBXNativeTarget "PincruxSwiftSample" */;
			buildPhases = (
				309609DF288A76C50013D140 /* Sources */,
				309609E0288A76C50013D140 /* Frameworks */,
				309609E1288A76C50013D140 /* Resources */,
				6371D24C29ED22E4000184AD /* Embed Frameworks */,
			);
			buildRules = (
			);
			dependencies = (
			);
			name = PincruxSwiftSample;
			productName = PincruxSwiftSample;
			productReference = 309609E3288A76C50013D140 /* PincruxSwiftSample.app */;
			productType = "com.apple.product-type.application";
		};
/* End PBXNativeTarget section */

/* Begin PBXProject section */
		309609DB288A76C50013D140 /* Project object */ = {
			isa = PBXProject;
			attributes = {
				BuildIndependentTargetsInParallel = 1;
				LastSwiftUpdateCheck = 1340;
				LastUpgradeCheck = 1340;
				TargetAttributes = {
					309609E2288A76C50013D140 = {
						CreatedOnToolsVersion = 13.4.1;
					};
				};
			};
			buildConfigurationList = 309609DE288A76C50013D140 /* Build configuration list for PBXProject "PincruxSwiftSample" */;
			compatibilityVersion = "Xcode 13.0";
			developmentRegion = en;
			hasScannedForEncodings = 0;
			knownRegions = (
				en,
				Base,
			);
			mainGroup = 309609DA288A76C50013D140;
			productRefGroup = 309609E4288A76C50013D140 /* Products */;
			projectDirPath = "";
			projectRoot = "";
			targets = (
				309609E2288A76C50013D140 /* PincruxSwiftSample */,
			);
		};
/* End PBXProject section */

/* Begin PBXResourcesBuildPhase section */
		309609E1288A76C50013D140 /* Resources */ = {
			isa = PBXResourcesBuildPhase;
			buildActionMask = 2147483647;
			files = (
				309609F3288A76C70013D140 /* LaunchScreen.storyboard in Resources */,
				309609F0288A76C70013D140 /* Assets.xcassets in Resources */,
				309609EE288A76C50013D140 /* Main.storyboard in Resources */,
			);
			runOnlyForDeploymentPostprocessing = 0;
		};
/* End PBXResourcesBuildPhase section */

/* Begin PBXSourcesBuildPhase section */
		309609DF288A76C50013D140 /* Sources */ = {
			isa = PBXSourcesBuildPhase;
			buildActionMask = 2147483647;
			files = (
				309609FD288A9D520013D140 /* SettingViewController.swift in Sources */,
				309609FB288A94140013D140 /* PubkeyViewController.swift in Sources */,
				309609E7288A76C50013D140 /* AppDelegate.swift in Sources */,
				309609E9288A76C50013D140 /* SceneDelegate.swift in Sources */,
				30960A08288E15060013D140 /* ViewTypeViewController.swift in Sources */,
			);
			runOnlyForDeploymentPostprocessing = 0;
		};
/* End PBXSourcesBuildPhase section */

/* Begin PBXVariantGroup section */
		309609EC288A76C50013D140 /* Main.storyboard */ = {
			isa = PBXVariantGroup;
			children = (
				309609ED288A76C50013D140 /* Base */,
			);
			name = Main.storyboard;
			sourceTree = "<group>";
		};
		309609F1288A76C70013D140 /* LaunchScreen.storyboard */ = {
			isa = PBXVariantGroup;
			children = (
				309609F2288A76C70013D140 /* Base */,
			);
			name = LaunchScreen.storyboard;
			sourceTree = "<group>";
		};
/* End PBXVariantGroup section */

/* Begin XCBuildConfiguration section */
		309609F5288A76C70013D140 /* Debug */ = {
			isa = XCBuildConfiguration;
			buildSettings = {
				ALWAYS_SEARCH_USER_PATHS = NO;
				BUILD_LIBRARY_FOR_DISTRIBUTION = NO;
				CLANG_ANALYZER_NONNULL = YES;
				CLANG_ANALYZER_NUMBER_OBJECT_CONVERSION = YES_AGGRESSIVE;
				CLANG_CXX_LANGUAGE_STANDARD = "gnu++17";
				CLANG_ENABLE_MODULES = YES;
				CLANG_ENABLE_OBJC_ARC = YES;
				CLANG_ENABLE_OBJC_WEAK = YES;
				CLANG_WARN_BLOCK_CAPTURE_AUTORELEASING = YES;
				CLANG_WARN_BOOL_CONVERSION = YES;
				CLANG_WARN_COMMA = YES;
				CLANG_WARN_CONSTANT_CONVERSION = YES;
				CLANG_WARN_DEPRECATED_OBJC_IMPLEMENTATIONS = YES;
				CLANG_WARN_DIRECT_OBJC_ISA_USAGE = YES_ERROR;
				CLANG_WARN_DOCUMENTATION_COMMENTS = YES;
				CLANG_WARN_EMPTY_BODY = YES;
				CLANG_WARN_ENUM_CONVERSION = YES;
				CLANG_WARN_INFINITE_RECURSION = YES;
				CLANG_WARN_INT_CONVERSION = YES;
				CLANG_WARN_NON_LITERAL_NULL_CONVERSION = YES;
				CLANG_WARN_OBJC_IMPLICIT_RETAIN_SELF = YES;
				CLANG_WARN_OBJC_LITERAL_CONVERSION = YES;
				CLANG_WARN_OBJC_ROOT_CLASS = YES_ERROR;
				CLANG_WARN_QUOTED_INCLUDE_IN_FRAMEWORK_HEADER = YES;
				CLANG_WARN_RANGE_LOOP_ANALYSIS = YES;
				CLANG_WARN_STRICT_PROTOTYPES = YES;
				CLANG_WARN_SUSPICIOUS_MOVE = YES;
				CLANG_WARN_UNGUARDED_AVAILABILITY = YES_AGGRESSIVE;
				CLANG_WARN_UNREACHABLE_CODE = YES;
				CLANG_WARN__DUPLICATE_METHOD_MATCH = YES;
				COPY_PHASE_STRIP = NO;
				DEBUG_INFORMATION_FORMAT = dwarf;
				ENABLE_STRICT_OBJC_MSGSEND = YES;
				ENABLE_TESTABILITY = YES;
				GCC_C_LANGUAGE_STANDARD = gnu11;
				GCC_DYNAMIC_NO_PIC = NO;
				GCC_NO_COMMON_BLOCKS = YES;
				GCC_OPTIMIZATION_LEVEL = 0;
				GCC_PREPROCESSOR_DEFINITIONS = (
					"DEBUG=1",
					"$(inherited)",
				);
				GCC_WARN_64_TO_32_BIT_CONVERSION = YES;
				GCC_WARN_ABOUT_RETURN_TYPE = YES_ERROR;
				GCC_WARN_UNDECLARED_SELECTOR = YES;
				GCC_WARN_UNINITIALIZED_AUTOS = YES_AGGRESSIVE;
				GCC_WARN_UNUSED_FUNCTION = YES;
				GCC_WARN_UNUSED_VARIABLE = YES;
				IPHONEOS_DEPLOYMENT_TARGET = 11.0;
				MTL_ENABLE_DEBUG_INFO = INCLUDE_SOURCE;
				MTL_FAST_MATH = YES;
				ONLY_ACTIVE_ARCH = YES;
				SDKROOT = iphoneos;
				SKIP_INSTALL = YES;
				SWIFT_ACTIVE_COMPILATION_CONDITIONS = DEBUG;
				SWIFT_OPTIMIZATION_LEVEL = "-Onone";
			};
			name = Debug;
		};
		309609F6288A76C70013D140 /* Release */ = {
			isa = XCBuildConfiguration;
			buildSettings = {
				ALWAYS_SEARCH_USER_PATHS = NO;
				BUILD_LIBRARY_FOR_DISTRIBUTION = NO;
				CLANG_ANALYZER_NONNULL = YES;
				CLANG_ANALYZER_NUMBER_OBJECT_CONVERSION = YES_AGGRESSIVE;
				CLANG_CXX_LANGUAGE_STANDARD = "gnu++17";
				CLANG_ENABLE_MODULES = YES;
				CLANG_ENABLE_OBJC_ARC = YES;
				CLANG_ENABLE_OBJC_WEAK = YES;
				CLANG_WARN_BLOCK_CAPTURE_AUTORELEASING = YES;
				CLANG_WARN_BOOL_CONVERSION = YES;
				CLANG_WARN_COMMA = YES;
				CLANG_WARN_CONSTANT_CONVERSION = YES;
				CLANG_WARN_DEPRECATED_OBJC_IMPLEMENTATIONS = YES;
				CLANG_WARN_DIRECT_OBJC_ISA_USAGE = YES_ERROR;
				CLANG_WARN_DOCUMENTATION_COMMENTS = YES;
				CLANG_WARN_EMPTY_BODY = YES;
				CLANG_WARN_ENUM_CONVERSION = YES;
				CLANG_WARN_INFINITE_RECURSION = YES;
				CLANG_WARN_INT_CONVERSION = YES;
				CLANG_WARN_NON_LITERAL_NULL_CONVERSION = YES;
				CLANG_WARN_OBJC_IMPLICIT_RETAIN_SELF = YES;
				CLANG_WARN_OBJC_LITERAL_CONVERSION = YES;
				CLANG_WARN_OBJC_ROOT_CLASS = YES_ERROR;
				CLANG_WARN_QUOTED_INCLUDE_IN_FRAMEWORK_HEADER = YES;
				CLANG_WARN_RANGE_LOOP_ANALYSIS = YES;
				CLANG_WARN_STRICT_PROTOTYPES = YES;
				CLANG_WARN_SUSPICIOUS_MOVE = YES;
				CLANG_WARN_UNGUARDED_AVAILABILITY = YES_AGGRESSIVE;
				CLANG_WARN_UNREACHABLE_CODE = YES;
				CLANG_WARN__DUPLICATE_METHOD_MATCH = YES;
				COPY_PHASE_STRIP = NO;
				DEBUG_INFORMATION_FORMAT = "dwarf-with-dsym";
				ENABLE_NS_ASSERTIONS = NO;
				ENABLE_STRICT_OBJC_MSGSEND = YES;
				GCC_C_LANGUAGE_STANDARD = gnu11;
				GCC_NO_COMMON_BLOCKS = YES;
				GCC_WARN_64_TO_32_BIT_CONVERSION = YES;
				GCC_WARN_ABOUT_RETURN_TYPE = YES_ERROR;
				GCC_WARN_UNDECLARED_SELECTOR = YES;
				GCC_WARN_UNINITIALIZED_AUTOS = YES_AGGRESSIVE;
				GCC_WARN_UNUSED_FUNCTION = YES;
				GCC_WARN_UNUSED_VARIABLE = YES;
				IPHONEOS_DEPLOYMENT_TARGET = 11.0;
				MTL_ENABLE_DEBUG_INFO = NO;
				MTL_FAST_MATH = YES;
				SDKROOT = iphoneos;
				SKIP_INSTALL = YES;
				SWIFT_COMPILATION_MODE = wholemodule;
				SWIFT_OPTIMIZATION_LEVEL = "-O";
				VALIDATE_PRODUCT = YES;
			};
			name = Release;
		};
		309609F8288A76C70013D140 /* Debug */ = {
			isa = XCBuildConfiguration;
			buildSettings = {
				ASSETCATALOG_COMPILER_APPICON_NAME = AppIcon;
				ASSETCATALOG_COMPILER_GLOBAL_ACCENT_COLOR_NAME = AccentColor;
				BUILD_LIBRARY_FOR_DISTRIBUTION = NO;
				CODE_SIGN_STYLE = Automatic;
				CURRENT_PROJECT_VERSION = 1;
				DEVELOPMENT_TEAM = "";
				FRAMEWORK_SEARCH_PATHS = (
					"$(inherited)",
					"$(PROJECT_DIR)/PincruxSwiftSample/Frameworks",
				);
				GENERATE_INFOPLIST_FILE = YES;
				INFOPLIST_FILE = PincruxSwiftSample/Info.plist;
				INFOPLIST_KEY_NSPhotoLibraryUsageDescription = "사용자의 문의사항에 스크린 샷을 첨부하고, 이를 \"(주)핀크럭스\"가 문의사항의 답변에 이용할 수 있도록 허용합니다.";
				INFOPLIST_KEY_NSUserTrackingUsageDescription = "\"(주)핀크럭스\"가 사용자의 IDFA(광고 식별자)를 통해 충전소 서비스 이용, 보상 적립/사용 내역 확인을 하도록 허용합니다.";
				INFOPLIST_KEY_UIApplicationSupportsIndirectInputEvents = YES;
				INFOPLIST_KEY_UILaunchStoryboardName = LaunchScreen;
				INFOPLIST_KEY_UIMainStoryboardFile = Main;
				INFOPLIST_KEY_UISupportedInterfaceOrientations_iPad = "UIInterfaceOrientationPortrait UIInterfaceOrientationPortraitUpsideDown UIInterfaceOrientationLandscapeLeft UIInterfaceOrientationLandscapeRight";
				INFOPLIST_KEY_UISupportedInterfaceOrientations_iPhone = "UIInterfaceOrientationPortrait UIInterfaceOrientationLandscapeLeft UIInterfaceOrientationLandscapeRight";
				IPHONEOS_DEPLOYMENT_TARGET = 11.0;
				LD_RUNPATH_SEARCH_PATHS = (
					"$(inherited)",
					"@executable_path/Frameworks",
				);
				MARKETING_VERSION = 1.0;
				PRODUCT_BUNDLE_IDENTIFIER = com.pincrux.offerwall.PincruxSwiftSample;
				PRODUCT_NAME = "$(TARGET_NAME)";
				SKIP_INSTALL = NO;
				SWIFT_EMIT_LOC_STRINGS = YES;
				SWIFT_VERSION = 5.0;
				TARGETED_DEVICE_FAMILY = "1,2";
			};
			name = Debug;
		};
		309609F9288A76C70013D140 /* Release */ = {
			isa = XCBuildConfiguration;
			buildSettings = {
				ASSETCATALOG_COMPILER_APPICON_NAME = AppIcon;
				ASSETCATALOG_COMPILER_GLOBAL_ACCENT_COLOR_NAME = AccentColor;
				BUILD_LIBRARY_FOR_DISTRIBUTION = NO;
				CODE_SIGN_STYLE = Automatic;
				CURRENT_PROJECT_VERSION = 1;
				DEVELOPMENT_TEAM = "";
				FRAMEWORK_SEARCH_PATHS = (
					"$(inherited)",
					"$(PROJECT_DIR)/PincruxSwiftSample/Frameworks",
				);
				GENERATE_INFOPLIST_FILE = YES;
				INFOPLIST_FILE = PincruxSwiftSample/Info.plist;
				INFOPLIST_KEY_NSPhotoLibraryUsageDescription = "사용자의 문의사항에 스크린 샷을 첨부하고, 이를 \"(주)핀크럭스\"가 문의사항의 답변에 이용할 수 있도록 허용합니다.";
				INFOPLIST_KEY_NSUserTrackingUsageDescription = "\"(주)핀크럭스\"가 사용자의 IDFA(광고 식별자)를 통해 충전소 서비스 이용, 보상 적립/사용 내역 확인을 하도록 허용합니다.";
				INFOPLIST_KEY_UIApplicationSupportsIndirectInputEvents = YES;
				INFOPLIST_KEY_UILaunchStoryboardName = LaunchScreen;
				INFOPLIST_KEY_UIMainStoryboardFile = Main;
				INFOPLIST_KEY_UISupportedInterfaceOrientations_iPad = "UIInterfaceOrientationPortrait UIInterfaceOrientationPortraitUpsideDown UIInterfaceOrientationLandscapeLeft UIInterfaceOrientationLandscapeRight";
				INFOPLIST_KEY_UISupportedInterfaceOrientations_iPhone = "UIInterfaceOrientationPortrait UIInterfaceOrientationLandscapeLeft UIInterfaceOrientationLandscapeRight";
				IPHONEOS_DEPLOYMENT_TARGET = 11.0;
				LD_RUNPATH_SEARCH_PATHS = (
					"$(inherited)",
					"@executable_path/Frameworks",
				);
				MARKETING_VERSION = 1.0;
				PRODUCT_BUNDLE_IDENTIFIER = com.pincrux.offerwall.PincruxSwiftSample;
				PRODUCT_NAME = "$(TARGET_NAME)";
				SKIP_INSTALL = NO;
				SWIFT_EMIT_LOC_STRINGS = YES;
				SWIFT_VERSION = 5.0;
				TARGETED_DEVICE_FAMILY = "1,2";
			};
			name = Release;
		};
/* End XCBuildConfiguration section */

/* Begin XCConfigurationList section */
		309609DE288A76C50013D140 /* Build configuration list for PBXProject "PincruxSwiftSample" */ = {
			isa = XCConfigurationList;
			buildConfigurations = (
				309609F5288A76C70013D140 /* Debug */,
				309609F6288A76C70013D140 /* Release */,
			);
			defaultConfigurationIsVisible = 0;
			defaultConfigurationName = Release;
		};
		309609F7288A76C70013D140 /* Build configuration list for PBXNativeTarget "PincruxSwiftSample" */ = {
			isa = XCConfigurationList;
			buildConfigurations = (
				309609F8288A76C70013D140 /* Debug */,
				309609F9288A76C70013D140 /* Release */,
			);
			defaultConfigurationIsVisible = 0;
			defaultConfigurationName = Release;
		};
/* End XCConfigurationList section */
	};
	rootObject = 309609DB288A76C50013D140 /* Project object */;
}
